// !$*UTF8*$!
{
	archiveVersion = 1;
	classes = {
	};
	objectVersion = 46;
	objects = {

/* Begin PBXBuildFile section */
		0A206C5718DE40E3002ABA88 /* VOMutableChangeDescribingArray.m in Sources */ = {isa = PBXBuildFile; fileRef = 0A206C5618DE40E3002ABA88 /* VOMutableChangeDescribingArray.m */; };
		0A206C5B18DF2B20002ABA88 /* VOArrayMapTransformer.m in Sources */ = {isa = PBXBuildFile; fileRef = 0A206C5A18DF2B20002ABA88 /* VOArrayMapTransformer.m */; };
		0A206C5C18DF2B20002ABA88 /* VOArrayMapTransformer.m in Sources */ = {isa = PBXBuildFile; fileRef = 0A206C5A18DF2B20002ABA88 /* VOArrayMapTransformer.m */; };
		0A206C6518DF37D3002ABA88 /* XCTest.framework in Frameworks */ = {isa = PBXBuildFile; fileRef = 0A206C6418DF37D3002ABA88 /* XCTest.framework */; };
		0A206C6E18DFF8CB002ABA88 /* PVNotesDatabase.m in Sources */ = {isa = PBXBuildFile; fileRef = 0A206C6D18DFF8CB002ABA88 /* PVNotesDatabase.m */; };
		0A206C6F18DFF8CB002ABA88 /* PVNotesDatabase.m in Sources */ = {isa = PBXBuildFile; fileRef = 0A206C6D18DFF8CB002ABA88 /* PVNotesDatabase.m */; };
		0AB457AE18D4CCCC00C47B8C /* Foundation.framework in Frameworks */ = {isa = PBXBuildFile; fileRef = 0AB457AD18D4CCCC00C47B8C /* Foundation.framework */; };
		0AB457B018D4CCCC00C47B8C /* CoreGraphics.framework in Frameworks */ = {isa = PBXBuildFile; fileRef = 0AB457AF18D4CCCC00C47B8C /* CoreGraphics.framework */; };
		0AB457B218D4CCCC00C47B8C /* UIKit.framework in Frameworks */ = {isa = PBXBuildFile; fileRef = 0AB457B118D4CCCC00C47B8C /* UIKit.framework */; };
		0AB457B818D4CCCC00C47B8C /* InfoPlist.strings in Resources */ = {isa = PBXBuildFile; fileRef = 0AB457B618D4CCCC00C47B8C /* InfoPlist.strings */; };
		0AB457BA18D4CCCC00C47B8C /* main.m in Sources */ = {isa = PBXBuildFile; fileRef = 0AB457B918D4CCCC00C47B8C /* main.m */; };
		0AB457BE18D4CCCC00C47B8C /* PVAppDelegate.m in Sources */ = {isa = PBXBuildFile; fileRef = 0AB457BD18D4CCCC00C47B8C /* PVAppDelegate.m */; };
		0AB457C118D4CCCC00C47B8C /* Main_iPhone.storyboard in Resources */ = {isa = PBXBuildFile; fileRef = 0AB457BF18D4CCCC00C47B8C /* Main_iPhone.storyboard */; };
		0AB457C418D4CCCC00C47B8C /* Main_iPad.storyboard in Resources */ = {isa = PBXBuildFile; fileRef = 0AB457C218D4CCCC00C47B8C /* Main_iPad.storyboard */; };
		0AB457C718D4CCCC00C47B8C /* PVMasterViewController.m in Sources */ = {isa = PBXBuildFile; fileRef = 0AB457C618D4CCCC00C47B8C /* PVMasterViewController.m */; };
		0AB457CA18D4CCCC00C47B8C /* PVDetailViewController.m in Sources */ = {isa = PBXBuildFile; fileRef = 0AB457C918D4CCCC00C47B8C /* PVDetailViewController.m */; };
		0AB457CC18D4CCCC00C47B8C /* Images.xcassets in Resources */ = {isa = PBXBuildFile; fileRef = 0AB457CB18D4CCCC00C47B8C /* Images.xcassets */; };
		0AB457D418D4CCCC00C47B8C /* Foundation.framework in Frameworks */ = {isa = PBXBuildFile; fileRef = 0AB457AD18D4CCCC00C47B8C /* Foundation.framework */; };
		0AB457D518D4CCCC00C47B8C /* UIKit.framework in Frameworks */ = {isa = PBXBuildFile; fileRef = 0AB457B118D4CCCC00C47B8C /* UIKit.framework */; };
		0AB457DD18D4CCCC00C47B8C /* InfoPlist.strings in Resources */ = {isa = PBXBuildFile; fileRef = 0AB457DB18D4CCCC00C47B8C /* InfoPlist.strings */; };
		0AB457ED18D4CEF300C47B8C /* PVNote.m in Sources */ = {isa = PBXBuildFile; fileRef = 0AB457EC18D4CEF300C47B8C /* PVNote.m */; };
		0AB457EE18D4CEF300C47B8C /* PVNote.m in Sources */ = {isa = PBXBuildFile; fileRef = 0AB457EC18D4CEF300C47B8C /* PVNote.m */; };
		0AB457FE18D64DBA00C47B8C /* BDLongestCommonSubsequence.m in Sources */ = {isa = PBXBuildFile; fileRef = 0AB457FD18D64DBA00C47B8C /* BDLongestCommonSubsequence.m */; };
		0AB457FF18D64DBA00C47B8C /* BDLongestCommonSubsequence.m in Sources */ = {isa = PBXBuildFile; fileRef = 0AB457FD18D64DBA00C47B8C /* BDLongestCommonSubsequence.m */; };
		0AB4580318D6C23D00C47B8C /* NSArray+PVUtilities.m in Sources */ = {isa = PBXBuildFile; fileRef = 0AB4580218D6C23D00C47B8C /* NSArray+PVUtilities.m */; };
		0AB4580418D6C23D00C47B8C /* NSArray+PVUtilities.m in Sources */ = {isa = PBXBuildFile; fileRef = 0AB4580218D6C23D00C47B8C /* NSArray+PVUtilities.m */; };
		0AB4580718D7FB6B00C47B8C /* PVMasterViewCellConfiguration.m in Sources */ = {isa = PBXBuildFile; fileRef = 0AB4580618D7FB6B00C47B8C /* PVMasterViewCellConfiguration.m */; };
		0AB4580818D7FB6B00C47B8C /* PVMasterViewCellConfiguration.m in Sources */ = {isa = PBXBuildFile; fileRef = 0AB4580618D7FB6B00C47B8C /* PVMasterViewCellConfiguration.m */; };
		0AB4581418D8058100C47B8C /* VOArrayChangeDescription.m in Sources */ = {isa = PBXBuildFile; fileRef = 0AB4581318D8058100C47B8C /* VOArrayChangeDescription.m */; };
		0AB4581518D8058100C47B8C /* VOArrayChangeDescription.m in Sources */ = {isa = PBXBuildFile; fileRef = 0AB4581318D8058100C47B8C /* VOArrayChangeDescription.m */; };
		0AB4581818D80D9100C47B8C /* VOChangeDescribingArray.m in Sources */ = {isa = PBXBuildFile; fileRef = 0AB4581718D80D9100C47B8C /* VOChangeDescribingArray.m */; };
		0AB4581918D80D9100C47B8C /* VOChangeDescribingArray.m in Sources */ = {isa = PBXBuildFile; fileRef = 0AB4581718D80D9100C47B8C /* VOChangeDescribingArray.m */; };
		0AB4582118DCFBEB00C47B8C /* VOListenersCollection.m in Sources */ = {isa = PBXBuildFile; fileRef = 0AB4582018DCFBEB00C47B8C /* VOListenersCollection.m */; };
		0AB4582218DCFBEB00C47B8C /* VOListenersCollection.m in Sources */ = {isa = PBXBuildFile; fileRef = 0AB4582018DCFBEB00C47B8C /* VOListenersCollection.m */; };
		0AB4582518DD06E000C47B8C /* PVSectionedDataSource.m in Sources */ = {isa = PBXBuildFile; fileRef = 0AB4582418DD06E000C47B8C /* PVSectionedDataSource.m */; };
		0AB4582618DD06E000C47B8C /* PVSectionedDataSource.m in Sources */ = {isa = PBXBuildFile; fileRef = 0AB4582418DD06E000C47B8C /* PVSectionedDataSource.m */; };
		D5066DA118E3E3A600DD0F0B /* VOValueObject.m in Sources */ = {isa = PBXBuildFile; fileRef = D5066DA018E3E3A600DD0F0B /* VOValueObject.m */; };
		D5066DA218E3E3A600DD0F0B /* VOValueObject.m in Sources */ = {isa = PBXBuildFile; fileRef = D5066DA018E3E3A600DD0F0B /* VOValueObject.m */; };
		D513F25818E68AFE00306EB0 /* NSIndexSet+PVUtilities.m in Sources */ = {isa = PBXBuildFile; fileRef = D513F25718E68AFE00306EB0 /* NSIndexSet+PVUtilities.m */; };
		D513F25A18E68C9400306EB0 /* PVSectionedDataSourceTests.m in Sources */ = {isa = PBXBuildFile; fileRef = D513F25918E68C9400306EB0 /* PVSectionedDataSourceTests.m */; };
		D513F25D18E69D1000306EB0 /* PVSectionedDataSourceTransformer.m in Sources */ = {isa = PBXBuildFile; fileRef = D513F25C18E69D1000306EB0 /* PVSectionedDataSourceTransformer.m */; };
		D513F25E18E69D1000306EB0 /* PVSectionedDataSourceTransformer.m in Sources */ = {isa = PBXBuildFile; fileRef = D513F25C18E69D1000306EB0 /* PVSectionedDataSourceTransformer.m */; };
		D513F26118E6A09800306EB0 /* VOBlockListener.m in Sources */ = {isa = PBXBuildFile; fileRef = D513F26018E6A09800306EB0 /* VOBlockListener.m */; };
		D513F26218E6A09800306EB0 /* VOBlockListener.m in Sources */ = {isa = PBXBuildFile; fileRef = D513F26018E6A09800306EB0 /* VOBlockListener.m */; };
		D552ECEF18E46ABE002E5F23 /* VOMutableChangeDescribingArrayTests.m in Sources */ = {isa = PBXBuildFile; fileRef = D552ECEE18E46ABE002E5F23 /* VOMutableChangeDescribingArrayTests.m */; };
		D560D2D318E5462500B7915E /* VOArrayMapTransformTests.m in Sources */ = {isa = PBXBuildFile; fileRef = D560D2D218E5462500B7915E /* VOArrayMapTransformTests.m */; };
		D560D2D618E625A500B7915E /* VOArrayFilterer.m in Sources */ = {isa = PBXBuildFile; fileRef = D560D2D518E625A500B7915E /* VOArrayFilterer.m */; };
		D560D2D718E625A500B7915E /* VOArrayFilterer.m in Sources */ = {isa = PBXBuildFile; fileRef = D560D2D518E625A500B7915E /* VOArrayFilterer.m */; };
		D560D2DE18E62AD900B7915E /* VOBlockTransformer.m in Sources */ = {isa = PBXBuildFile; fileRef = D560D2DD18E62AD900B7915E /* VOBlockTransformer.m */; };
		D560D2DF18E62AD900B7915E /* VOBlockTransformer.m in Sources */ = {isa = PBXBuildFile; fileRef = D560D2DD18E62AD900B7915E /* VOBlockTransformer.m */; };
		D560D2E118E62BCB00B7915E /* VOArrayFiltererTests.m in Sources */ = {isa = PBXBuildFile; fileRef = D560D2E018E62BCB00B7915E /* VOArrayFiltererTests.m */; };
		D560D2E818E63D4D00B7915E /* VOPipeline.m in Sources */ = {isa = PBXBuildFile; fileRef = D560D2E718E63D4D00B7915E /* VOPipeline.m */; };
		D560D2E918E63D4D00B7915E /* VOPipeline.m in Sources */ = {isa = PBXBuildFile; fileRef = D560D2E718E63D4D00B7915E /* VOPipeline.m */; };
		D560D2EB18E644C500B7915E /* VOPipelineTests.m in Sources */ = {isa = PBXBuildFile; fileRef = D560D2EA18E644C500B7915E /* VOPipelineTests.m */; };
		D5A8820518E0A1C0007E32A9 /* PVAsyncListening.m in Sources */ = {isa = PBXBuildFile; fileRef = D5A8820418E0A1C0007E32A9 /* PVAsyncListening.m */; };
		D5A8820618E0A1C0007E32A9 /* PVAsyncListening.m in Sources */ = {isa = PBXBuildFile; fileRef = D5A8820418E0A1C0007E32A9 /* PVAsyncListening.m */; };
		D5A8820818E0A734007E32A9 /* PVAsyncListeningTests.m in Sources */ = {isa = PBXBuildFile; fileRef = D5A8820718E0A734007E32A9 /* PVAsyncListeningTests.m */; };
/* End PBXBuildFile section */

/* Begin PBXContainerItemProxy section */
		0AB457D618D4CCCC00C47B8C /* PBXContainerItemProxy */ = {
			isa = PBXContainerItemProxy;
			containerPortal = 0AB457A218D4CCCC00C47B8C /* Project object */;
			proxyType = 1;
			remoteGlobalIDString = 0AB457A918D4CCCC00C47B8C;
			remoteInfo = PocketVelocity;
		};
/* End PBXContainerItemProxy section */

/* Begin PBXFileReference section */
		0A206C5518DE40E3002ABA88 /* VOMutableChangeDescribingArray.h */ = {isa = PBXFileReference; fileEncoding = 4; lastKnownFileType = sourcecode.c.h; path = VOMutableChangeDescribingArray.h; sourceTree = "<group>"; };
		0A206C5618DE40E3002ABA88 /* VOMutableChangeDescribingArray.m */ = {isa = PBXFileReference; fileEncoding = 4; lastKnownFileType = sourcecode.c.objc; path = VOMutableChangeDescribingArray.m; sourceTree = "<group>"; };
		0A206C5818DF2545002ABA88 /* VOChangeDescribingArray_Internal.h */ = {isa = PBXFileReference; lastKnownFileType = sourcecode.c.h; path = VOChangeDescribingArray_Internal.h; sourceTree = "<group>"; };
		0A206C5918DF2B20002ABA88 /* VOArrayMapTransformer.h */ = {isa = PBXFileReference; fileEncoding = 4; lastKnownFileType = sourcecode.c.h; path = VOArrayMapTransformer.h; sourceTree = "<group>"; };
		0A206C5A18DF2B20002ABA88 /* VOArrayMapTransformer.m */ = {isa = PBXFileReference; fileEncoding = 4; lastKnownFileType = sourcecode.c.objc; path = VOArrayMapTransformer.m; sourceTree = "<group>"; };
		0A206C6418DF37D3002ABA88 /* XCTest.framework */ = {isa = PBXFileReference; lastKnownFileType = wrapper.framework; name = XCTest.framework; path = Library/Frameworks/XCTest.framework; sourceTree = DEVELOPER_DIR; };
		0A206C6618DF37E2002ABA88 /* PVMappedArrayTests.m */ = {isa = PBXFileReference; fileEncoding = 4; lastKnownFileType = sourcecode.c.objc; path = PVMappedArrayTests.m; sourceTree = "<group>"; };
		0A206C6C18DFF8CB002ABA88 /* PVNotesDatabase.h */ = {isa = PBXFileReference; fileEncoding = 4; lastKnownFileType = sourcecode.c.h; path = PVNotesDatabase.h; sourceTree = "<group>"; };
		0A206C6D18DFF8CB002ABA88 /* PVNotesDatabase.m */ = {isa = PBXFileReference; fileEncoding = 4; lastKnownFileType = sourcecode.c.objc; path = PVNotesDatabase.m; sourceTree = "<group>"; };
		0AB457AA18D4CCCC00C47B8C /* PocketVelocity.app */ = {isa = PBXFileReference; explicitFileType = wrapper.application; includeInIndex = 0; path = PocketVelocity.app; sourceTree = BUILT_PRODUCTS_DIR; };
		0AB457AD18D4CCCC00C47B8C /* Foundation.framework */ = {isa = PBXFileReference; lastKnownFileType = wrapper.framework; name = Foundation.framework; path = System/Library/Frameworks/Foundation.framework; sourceTree = SDKROOT; };
		0AB457AF18D4CCCC00C47B8C /* CoreGraphics.framework */ = {isa = PBXFileReference; lastKnownFileType = wrapper.framework; name = CoreGraphics.framework; path = System/Library/Frameworks/CoreGraphics.framework; sourceTree = SDKROOT; };
		0AB457B118D4CCCC00C47B8C /* UIKit.framework */ = {isa = PBXFileReference; lastKnownFileType = wrapper.framework; name = UIKit.framework; path = System/Library/Frameworks/UIKit.framework; sourceTree = SDKROOT; };
		0AB457B518D4CCCC00C47B8C /* PocketVelocity-Info.plist */ = {isa = PBXFileReference; lastKnownFileType = text.plist.xml; path = "PocketVelocity-Info.plist"; sourceTree = "<group>"; };
		0AB457B718D4CCCC00C47B8C /* en */ = {isa = PBXFileReference; lastKnownFileType = text.plist.strings; name = en; path = en.lproj/InfoPlist.strings; sourceTree = "<group>"; };
		0AB457B918D4CCCC00C47B8C /* main.m */ = {isa = PBXFileReference; lastKnownFileType = sourcecode.c.objc; path = main.m; sourceTree = "<group>"; };
		0AB457BB18D4CCCC00C47B8C /* PocketVelocity-Prefix.pch */ = {isa = PBXFileReference; lastKnownFileType = sourcecode.c.h; path = "PocketVelocity-Prefix.pch"; sourceTree = "<group>"; };
		0AB457BC18D4CCCC00C47B8C /* PVAppDelegate.h */ = {isa = PBXFileReference; lastKnownFileType = sourcecode.c.h; path = PVAppDelegate.h; sourceTree = "<group>"; };
		0AB457BD18D4CCCC00C47B8C /* PVAppDelegate.m */ = {isa = PBXFileReference; lastKnownFileType = sourcecode.c.objc; path = PVAppDelegate.m; sourceTree = "<group>"; };
		0AB457C018D4CCCC00C47B8C /* Base */ = {isa = PBXFileReference; lastKnownFileType = file.storyboard; name = Base; path = Base.lproj/Main_iPhone.storyboard; sourceTree = "<group>"; };
		0AB457C318D4CCCC00C47B8C /* Base */ = {isa = PBXFileReference; lastKnownFileType = file.storyboard; name = Base; path = Base.lproj/Main_iPad.storyboard; sourceTree = "<group>"; };
		0AB457C518D4CCCC00C47B8C /* PVMasterViewController.h */ = {isa = PBXFileReference; lastKnownFileType = sourcecode.c.h; path = PVMasterViewController.h; sourceTree = "<group>"; };
		0AB457C618D4CCCC00C47B8C /* PVMasterViewController.m */ = {isa = PBXFileReference; lastKnownFileType = sourcecode.c.objc; path = PVMasterViewController.m; sourceTree = "<group>"; };
		0AB457C818D4CCCC00C47B8C /* PVDetailViewController.h */ = {isa = PBXFileReference; lastKnownFileType = sourcecode.c.h; path = PVDetailViewController.h; sourceTree = "<group>"; };
		0AB457C918D4CCCC00C47B8C /* PVDetailViewController.m */ = {isa = PBXFileReference; lastKnownFileType = sourcecode.c.objc; path = PVDetailViewController.m; sourceTree = "<group>"; };
		0AB457CB18D4CCCC00C47B8C /* Images.xcassets */ = {isa = PBXFileReference; lastKnownFileType = folder.assetcatalog; path = Images.xcassets; sourceTree = "<group>"; };
		0AB457D118D4CCCC00C47B8C /* PocketVelocityTests.xctest */ = {isa = PBXFileReference; explicitFileType = wrapper.cfbundle; includeInIndex = 0; path = PocketVelocityTests.xctest; sourceTree = BUILT_PRODUCTS_DIR; };
		0AB457DA18D4CCCC00C47B8C /* PocketVelocityTests-Info.plist */ = {isa = PBXFileReference; lastKnownFileType = text.plist.xml; path = "PocketVelocityTests-Info.plist"; sourceTree = "<group>"; };
		0AB457DC18D4CCCC00C47B8C /* en */ = {isa = PBXFileReference; lastKnownFileType = text.plist.strings; name = en; path = en.lproj/InfoPlist.strings; sourceTree = "<group>"; };
		0AB457EB18D4CEF300C47B8C /* PVNote.h */ = {isa = PBXFileReference; fileEncoding = 4; lastKnownFileType = sourcecode.c.h; path = PVNote.h; sourceTree = "<group>"; };
		0AB457EC18D4CEF300C47B8C /* PVNote.m */ = {isa = PBXFileReference; fileEncoding = 4; lastKnownFileType = sourcecode.c.objc; path = PVNote.m; sourceTree = "<group>"; };
		0AB457F818D4D34000C47B8C /* PVAnnouncer.h */ = {isa = PBXFileReference; fileEncoding = 4; lastKnownFileType = sourcecode.c.h; path = PVAnnouncer.h; sourceTree = "<group>"; };
		0AB457FC18D64DBA00C47B8C /* BDLongestCommonSubsequence.h */ = {isa = PBXFileReference; fileEncoding = 4; lastKnownFileType = sourcecode.c.h; path = BDLongestCommonSubsequence.h; sourceTree = "<group>"; };
		0AB457FD18D64DBA00C47B8C /* BDLongestCommonSubsequence.m */ = {isa = PBXFileReference; fileEncoding = 4; lastKnownFileType = sourcecode.c.objc; path = BDLongestCommonSubsequence.m; sourceTree = "<group>"; };
		0AB4580018D6BE7500C47B8C /* PVUtilities.h */ = {isa = PBXFileReference; lastKnownFileType = sourcecode.c.h; path = PVUtilities.h; sourceTree = "<group>"; };
		0AB4580118D6C23D00C47B8C /* NSArray+PVUtilities.h */ = {isa = PBXFileReference; fileEncoding = 4; lastKnownFileType = sourcecode.c.h; path = "NSArray+PVUtilities.h"; sourceTree = "<group>"; };
		0AB4580218D6C23D00C47B8C /* NSArray+PVUtilities.m */ = {isa = PBXFileReference; fileEncoding = 4; lastKnownFileType = sourcecode.c.objc; path = "NSArray+PVUtilities.m"; sourceTree = "<group>"; };
		0AB4580518D7FB6B00C47B8C /* PVMasterViewCellConfiguration.h */ = {isa = PBXFileReference; fileEncoding = 4; lastKnownFileType = sourcecode.c.h; path = PVMasterViewCellConfiguration.h; sourceTree = "<group>"; };
		0AB4580618D7FB6B00C47B8C /* PVMasterViewCellConfiguration.m */ = {isa = PBXFileReference; fileEncoding = 4; lastKnownFileType = sourcecode.c.objc; path = PVMasterViewCellConfiguration.m; sourceTree = "<group>"; };
		0AB4581218D8058100C47B8C /* VOArrayChangeDescription.h */ = {isa = PBXFileReference; fileEncoding = 4; lastKnownFileType = sourcecode.c.h; path = VOArrayChangeDescription.h; sourceTree = "<group>"; };
		0AB4581318D8058100C47B8C /* VOArrayChangeDescription.m */ = {isa = PBXFileReference; fileEncoding = 4; lastKnownFileType = sourcecode.c.objc; path = VOArrayChangeDescription.m; sourceTree = "<group>"; };
		0AB4581618D80D9100C47B8C /* VOChangeDescribingArray.h */ = {isa = PBXFileReference; fileEncoding = 4; lastKnownFileType = sourcecode.c.h; path = VOChangeDescribingArray.h; sourceTree = "<group>"; };
		0AB4581718D80D9100C47B8C /* VOChangeDescribingArray.m */ = {isa = PBXFileReference; fileEncoding = 4; lastKnownFileType = sourcecode.c.objc; path = VOChangeDescribingArray.m; sourceTree = "<group>"; };
		0AB4581A18DCF89B00C47B8C /* VOListenable.h */ = {isa = PBXFileReference; lastKnownFileType = sourcecode.c.h; path = VOListenable.h; sourceTree = "<group>"; };
		0AB4581F18DCFBEB00C47B8C /* VOListenersCollection.h */ = {isa = PBXFileReference; fileEncoding = 4; lastKnownFileType = sourcecode.c.h; path = VOListenersCollection.h; sourceTree = "<group>"; };
		0AB4582018DCFBEB00C47B8C /* VOListenersCollection.m */ = {isa = PBXFileReference; fileEncoding = 4; lastKnownFileType = sourcecode.c.objc; path = VOListenersCollection.m; sourceTree = "<group>"; };
		0AB4582318DD06E000C47B8C /* PVSectionedDataSource.h */ = {isa = PBXFileReference; fileEncoding = 4; lastKnownFileType = sourcecode.c.h; path = PVSectionedDataSource.h; sourceTree = "<group>"; };
		0AB4582418DD06E000C47B8C /* PVSectionedDataSource.m */ = {isa = PBXFileReference; fileEncoding = 4; lastKnownFileType = sourcecode.c.objc; path = PVSectionedDataSource.m; sourceTree = "<group>"; };
		D5066D9F18E3E3A600DD0F0B /* VOValueObject.h */ = {isa = PBXFileReference; fileEncoding = 4; lastKnownFileType = sourcecode.c.h; path = VOValueObject.h; sourceTree = "<group>"; };
		D5066DA018E3E3A600DD0F0B /* VOValueObject.m */ = {isa = PBXFileReference; fileEncoding = 4; lastKnownFileType = sourcecode.c.objc; path = VOValueObject.m; sourceTree = "<group>"; };
		D513F25618E68AFE00306EB0 /* NSIndexSet+PVUtilities.h */ = {isa = PBXFileReference; fileEncoding = 4; lastKnownFileType = sourcecode.c.h; path = "NSIndexSet+PVUtilities.h"; sourceTree = "<group>"; };
		D513F25718E68AFE00306EB0 /* NSIndexSet+PVUtilities.m */ = {isa = PBXFileReference; fileEncoding = 4; lastKnownFileType = sourcecode.c.objc; path = "NSIndexSet+PVUtilities.m"; sourceTree = "<group>"; };
		D513F25918E68C9400306EB0 /* PVSectionedDataSourceTests.m */ = {isa = PBXFileReference; fileEncoding = 4; lastKnownFileType = sourcecode.c.objc; path = PVSectionedDataSourceTests.m; sourceTree = "<group>"; };
		D513F25B18E69D1000306EB0 /* PVSectionedDataSourceTransformer.h */ = {isa = PBXFileReference; fileEncoding = 4; lastKnownFileType = sourcecode.c.h; path = PVSectionedDataSourceTransformer.h; sourceTree = "<group>"; };
		D513F25C18E69D1000306EB0 /* PVSectionedDataSourceTransformer.m */ = {isa = PBXFileReference; fileEncoding = 4; lastKnownFileType = sourcecode.c.objc; path = PVSectionedDataSourceTransformer.m; sourceTree = "<group>"; };
		D513F25F18E6A09800306EB0 /* VOBlockListener.h */ = {isa = PBXFileReference; fileEncoding = 4; lastKnownFileType = sourcecode.c.h; path = VOBlockListener.h; sourceTree = "<group>"; };
		D513F26018E6A09800306EB0 /* VOBlockListener.m */ = {isa = PBXFileReference; fileEncoding = 4; lastKnownFileType = sourcecode.c.objc; path = VOBlockListener.m; sourceTree = "<group>"; };
		D552ECEE18E46ABE002E5F23 /* VOMutableChangeDescribingArrayTests.m */ = {isa = PBXFileReference; fileEncoding = 4; lastKnownFileType = sourcecode.c.objc; path = VOMutableChangeDescribingArrayTests.m; sourceTree = "<group>"; };
		D560D2D218E5462500B7915E /* VOArrayMapTransformTests.m */ = {isa = PBXFileReference; fileEncoding = 4; lastKnownFileType = sourcecode.c.objc; path = VOArrayMapTransformTests.m; sourceTree = "<group>"; };
		D560D2D418E625A500B7915E /* VOArrayFilterer.h */ = {isa = PBXFileReference; fileEncoding = 4; lastKnownFileType = sourcecode.c.h; path = VOArrayFilterer.h; sourceTree = "<group>"; };
		D560D2D518E625A500B7915E /* VOArrayFilterer.m */ = {isa = PBXFileReference; fileEncoding = 4; lastKnownFileType = sourcecode.c.objc; path = VOArrayFilterer.m; sourceTree = "<group>"; };
		D560D2DC18E62AD900B7915E /* VOBlockTransformer.h */ = {isa = PBXFileReference; fileEncoding = 4; lastKnownFileType = sourcecode.c.h; path = VOBlockTransformer.h; sourceTree = "<group>"; };
		D560D2DD18E62AD900B7915E /* VOBlockTransformer.m */ = {isa = PBXFileReference; fileEncoding = 4; lastKnownFileType = sourcecode.c.objc; path = VOBlockTransformer.m; sourceTree = "<group>"; };
		D560D2E018E62BCB00B7915E /* VOArrayFiltererTests.m */ = {isa = PBXFileReference; fileEncoding = 4; lastKnownFileType = sourcecode.c.objc; path = VOArrayFiltererTests.m; sourceTree = "<group>"; };
		D560D2E618E63D4D00B7915E /* VOPipeline.h */ = {isa = PBXFileReference; fileEncoding = 4; lastKnownFileType = sourcecode.c.h; path = VOPipeline.h; sourceTree = "<group>"; };
		D560D2E718E63D4D00B7915E /* VOPipeline.m */ = {isa = PBXFileReference; fileEncoding = 4; lastKnownFileType = sourcecode.c.objc; path = VOPipeline.m; sourceTree = "<group>"; };
		D560D2EA18E644C500B7915E /* VOPipelineTests.m */ = {isa = PBXFileReference; fileEncoding = 4; lastKnownFileType = sourcecode.c.objc; path = VOPipelineTests.m; sourceTree = "<group>"; };
		D584913618E3F39100584F66 /* VOChangeDescribing.h */ = {isa = PBXFileReference; lastKnownFileType = sourcecode.c.h; path = VOChangeDescribing.h; sourceTree = "<group>"; };
		D584913718E4630500584F66 /* VOValueTransforming.h */ = {isa = PBXFileReference; lastKnownFileType = sourcecode.c.h; path = VOValueTransforming.h; sourceTree = "<group>"; };
		D5A8820318E0A1C0007E32A9 /* PVAsyncListening.h */ = {isa = PBXFileReference; fileEncoding = 4; lastKnownFileType = sourcecode.c.h; path = PVAsyncListening.h; sourceTree = "<group>"; };
		D5A8820418E0A1C0007E32A9 /* PVAsyncListening.m */ = {isa = PBXFileReference; fileEncoding = 4; lastKnownFileType = sourcecode.c.objc; path = PVAsyncListening.m; sourceTree = "<group>"; };
		D5A8820718E0A734007E32A9 /* PVAsyncListeningTests.m */ = {isa = PBXFileReference; fileEncoding = 4; lastKnownFileType = sourcecode.c.objc; path = PVAsyncListeningTests.m; sourceTree = "<group>"; };
/* End PBXFileReference section */

/* Begin PBXFrameworksBuildPhase section */
		0AB457A718D4CCCC00C47B8C /* Frameworks */ = {
			isa = PBXFrameworksBuildPhase;
			buildActionMask = 2147483647;
			files = (
				0AB457B018D4CCCC00C47B8C /* CoreGraphics.framework in Frameworks */,
				0AB457B218D4CCCC00C47B8C /* UIKit.framework in Frameworks */,
				0AB457AE18D4CCCC00C47B8C /* Foundation.framework in Frameworks */,
			);
			runOnlyForDeploymentPostprocessing = 0;
		};
		0AB457CE18D4CCCC00C47B8C /* Frameworks */ = {
			isa = PBXFrameworksBuildPhase;
			buildActionMask = 2147483647;
			files = (
				0A206C6518DF37D3002ABA88 /* XCTest.framework in Frameworks */,
				0AB457D518D4CCCC00C47B8C /* UIKit.framework in Frameworks */,
				0AB457D418D4CCCC00C47B8C /* Foundation.framework in Frameworks */,
			);
			runOnlyForDeploymentPostprocessing = 0;
		};
/* End PBXFrameworksBuildPhase section */

/* Begin PBXGroup section */
		0AB457A118D4CCCC00C47B8C = {
			isa = PBXGroup;
			children = (
				0AB457B318D4CCCC00C47B8C /* PocketVelocity */,
				0AB457D818D4CCCC00C47B8C /* PocketVelocityTests */,
				0AB457AC18D4CCCC00C47B8C /* Frameworks */,
				0AB457AB18D4CCCC00C47B8C /* Products */,
			);
			sourceTree = "<group>";
		};
		0AB457AB18D4CCCC00C47B8C /* Products */ = {
			isa = PBXGroup;
			children = (
				0AB457AA18D4CCCC00C47B8C /* PocketVelocity.app */,
				0AB457D118D4CCCC00C47B8C /* PocketVelocityTests.xctest */,
			);
			name = Products;
			sourceTree = "<group>";
		};
		0AB457AC18D4CCCC00C47B8C /* Frameworks */ = {
			isa = PBXGroup;
			children = (
				0A206C6418DF37D3002ABA88 /* XCTest.framework */,
				0AB457AD18D4CCCC00C47B8C /* Foundation.framework */,
				0AB457AF18D4CCCC00C47B8C /* CoreGraphics.framework */,
				0AB457B118D4CCCC00C47B8C /* UIKit.framework */,
			);
			name = Frameworks;
			sourceTree = "<group>";
		};
		0AB457B318D4CCCC00C47B8C /* PocketVelocity */ = {
			isa = PBXGroup;
			children = (
				0AB457FC18D64DBA00C47B8C /* BDLongestCommonSubsequence.h */,
				0AB457FD18D64DBA00C47B8C /* BDLongestCommonSubsequence.m */,
				0AB457CB18D4CCCC00C47B8C /* Images.xcassets */,
				0AB457C218D4CCCC00C47B8C /* Main_iPad.storyboard */,
				0AB457BF18D4CCCC00C47B8C /* Main_iPhone.storyboard */,
				0AB4580118D6C23D00C47B8C /* NSArray+PVUtilities.h */,
				0AB4580218D6C23D00C47B8C /* NSArray+PVUtilities.m */,
				D513F25618E68AFE00306EB0 /* NSIndexSet+PVUtilities.h */,
				D513F25718E68AFE00306EB0 /* NSIndexSet+PVUtilities.m */,
				0AB457F818D4D34000C47B8C /* PVAnnouncer.h */,
				0AB457BC18D4CCCC00C47B8C /* PVAppDelegate.h */,
				0AB457BD18D4CCCC00C47B8C /* PVAppDelegate.m */,
				D5A8820318E0A1C0007E32A9 /* PVAsyncListening.h */,
				D5A8820418E0A1C0007E32A9 /* PVAsyncListening.m */,
				0AB457C818D4CCCC00C47B8C /* PVDetailViewController.h */,
				0AB457C918D4CCCC00C47B8C /* PVDetailViewController.m */,
				0AB4580518D7FB6B00C47B8C /* PVMasterViewCellConfiguration.h */,
				0AB4580618D7FB6B00C47B8C /* PVMasterViewCellConfiguration.m */,
				0AB457C518D4CCCC00C47B8C /* PVMasterViewController.h */,
				0AB457C618D4CCCC00C47B8C /* PVMasterViewController.m */,
				0AB457EB18D4CEF300C47B8C /* PVNote.h */,
				0AB457EC18D4CEF300C47B8C /* PVNote.m */,
				0A206C6C18DFF8CB002ABA88 /* PVNotesDatabase.h */,
				0A206C6D18DFF8CB002ABA88 /* PVNotesDatabase.m */,
				0AB4582318DD06E000C47B8C /* PVSectionedDataSource.h */,
				0AB4582418DD06E000C47B8C /* PVSectionedDataSource.m */,
				D513F25B18E69D1000306EB0 /* PVSectionedDataSourceTransformer.h */,
				D513F25C18E69D1000306EB0 /* PVSectionedDataSourceTransformer.m */,
				0AB4580018D6BE7500C47B8C /* PVUtilities.h */,
				0AB457B418D4CCCC00C47B8C /* Supporting Files */,
				0AB4581218D8058100C47B8C /* VOArrayChangeDescription.h */,
				0AB4581318D8058100C47B8C /* VOArrayChangeDescription.m */,
				D560D2D418E625A500B7915E /* VOArrayFilterer.h */,
				D560D2D518E625A500B7915E /* VOArrayFilterer.m */,
				0A206C5918DF2B20002ABA88 /* VOArrayMapTransformer.h */,
				0A206C5A18DF2B20002ABA88 /* VOArrayMapTransformer.m */,
				D513F25F18E6A09800306EB0 /* VOBlockListener.h */,
				D513F26018E6A09800306EB0 /* VOBlockListener.m */,
				D560D2DC18E62AD900B7915E /* VOBlockTransformer.h */,
				D560D2DD18E62AD900B7915E /* VOBlockTransformer.m */,
				D584913618E3F39100584F66 /* VOChangeDescribing.h */,
				0AB4581618D80D9100C47B8C /* VOChangeDescribingArray.h */,
				0AB4581718D80D9100C47B8C /* VOChangeDescribingArray.m */,
				0A206C5818DF2545002ABA88 /* VOChangeDescribingArray_Internal.h */,
				0AB4581A18DCF89B00C47B8C /* VOListenable.h */,
				0AB4581F18DCFBEB00C47B8C /* VOListenersCollection.h */,
				0AB4582018DCFBEB00C47B8C /* VOListenersCollection.m */,
				0A206C5518DE40E3002ABA88 /* VOMutableChangeDescribingArray.h */,
				0A206C5618DE40E3002ABA88 /* VOMutableChangeDescribingArray.m */,
				D560D2E618E63D4D00B7915E /* VOPipeline.h */,
				D560D2E718E63D4D00B7915E /* VOPipeline.m */,
				D5066D9F18E3E3A600DD0F0B /* VOValueObject.h */,
				D5066DA018E3E3A600DD0F0B /* VOValueObject.m */,
				D584913718E4630500584F66 /* VOValueTransforming.h */,
			);
			path = PocketVelocity;
			sourceTree = "<group>";
		};
		0AB457B418D4CCCC00C47B8C /* Supporting Files */ = {
			isa = PBXGroup;
			children = (
				0AB457B518D4CCCC00C47B8C /* PocketVelocity-Info.plist */,
				0AB457B618D4CCCC00C47B8C /* InfoPlist.strings */,
				0AB457B918D4CCCC00C47B8C /* main.m */,
				0AB457BB18D4CCCC00C47B8C /* PocketVelocity-Prefix.pch */,
			);
			name = "Supporting Files";
			sourceTree = "<group>";
		};
		0AB457D818D4CCCC00C47B8C /* PocketVelocityTests */ = {
			isa = PBXGroup;
			children = (
				0AB457D918D4CCCC00C47B8C /* Supporting Files */,
				0A206C6618DF37E2002ABA88 /* PVMappedArrayTests.m */,
				D5A8820718E0A734007E32A9 /* PVAsyncListeningTests.m */,
				D552ECEE18E46ABE002E5F23 /* VOMutableChangeDescribingArrayTests.m */,
				D560D2D218E5462500B7915E /* VOArrayMapTransformTests.m */,
				D560D2E018E62BCB00B7915E /* VOArrayFiltererTests.m */,
				D560D2EA18E644C500B7915E /* VOPipelineTests.m */,
				D513F25918E68C9400306EB0 /* PVSectionedDataSourceTests.m */,
			);
			path = PocketVelocityTests;
			sourceTree = "<group>";
		};
		0AB457D918D4CCCC00C47B8C /* Supporting Files */ = {
			isa = PBXGroup;
			children = (
				0AB457DA18D4CCCC00C47B8C /* PocketVelocityTests-Info.plist */,
				0AB457DB18D4CCCC00C47B8C /* InfoPlist.strings */,
			);
			name = "Supporting Files";
			sourceTree = "<group>";
		};
/* End PBXGroup section */

/* Begin PBXNativeTarget section */
		0AB457A918D4CCCC00C47B8C /* PocketVelocity */ = {
			isa = PBXNativeTarget;
			buildConfigurationList = 0AB457E218D4CCCC00C47B8C /* Build configuration list for PBXNativeTarget "PocketVelocity" */;
			buildPhases = (
				0AB457A618D4CCCC00C47B8C /* Sources */,
				0AB457A718D4CCCC00C47B8C /* Frameworks */,
				0AB457A818D4CCCC00C47B8C /* Resources */,
			);
			buildRules = (
			);
			dependencies = (
			);
			name = PocketVelocity;
			productName = PocketVelocity;
			productReference = 0AB457AA18D4CCCC00C47B8C /* PocketVelocity.app */;
			productType = "com.apple.product-type.application";
		};
		0AB457D018D4CCCC00C47B8C /* PocketVelocityTests */ = {
			isa = PBXNativeTarget;
			buildConfigurationList = 0AB457E518D4CCCC00C47B8C /* Build configuration list for PBXNativeTarget "PocketVelocityTests" */;
			buildPhases = (
				0AB457CD18D4CCCC00C47B8C /* Sources */,
				0AB457CE18D4CCCC00C47B8C /* Frameworks */,
				0AB457CF18D4CCCC00C47B8C /* Resources */,
			);
			buildRules = (
			);
			dependencies = (
				0AB457D718D4CCCC00C47B8C /* PBXTargetDependency */,
			);
			name = PocketVelocityTests;
			productName = PocketVelocityTests;
			productReference = 0AB457D118D4CCCC00C47B8C /* PocketVelocityTests.xctest */;
			productType = "com.apple.product-type.bundle.unit-test";
		};
/* End PBXNativeTarget section */

/* Begin PBXProject section */
		0AB457A218D4CCCC00C47B8C /* Project object */ = {
			isa = PBXProject;
			attributes = {
				CLASSPREFIX = PV;
				LastUpgradeCheck = 0500;
				ORGANIZATIONNAME = "Brian Dewey";
				TargetAttributes = {
					0AB457D018D4CCCC00C47B8C = {
						TestTargetID = 0AB457A918D4CCCC00C47B8C;
					};
				};
			};
			buildConfigurationList = 0AB457A518D4CCCC00C47B8C /* Build configuration list for PBXProject "PocketVelocity" */;
			compatibilityVersion = "Xcode 3.2";
			developmentRegion = English;
			hasScannedForEncodings = 0;
			knownRegions = (
				en,
				Base,
			);
			mainGroup = 0AB457A118D4CCCC00C47B8C;
			productRefGroup = 0AB457AB18D4CCCC00C47B8C /* Products */;
			projectDirPath = "";
			projectRoot = "";
			targets = (
				0AB457A918D4CCCC00C47B8C /* PocketVelocity */,
				0AB457D018D4CCCC00C47B8C /* PocketVelocityTests */,
			);
		};
/* End PBXProject section */

/* Begin PBXResourcesBuildPhase section */
		0AB457A818D4CCCC00C47B8C /* Resources */ = {
			isa = PBXResourcesBuildPhase;
			buildActionMask = 2147483647;
			files = (
				0AB457C418D4CCCC00C47B8C /* Main_iPad.storyboard in Resources */,
				0AB457CC18D4CCCC00C47B8C /* Images.xcassets in Resources */,
				0AB457C118D4CCCC00C47B8C /* Main_iPhone.storyboard in Resources */,
				0AB457B818D4CCCC00C47B8C /* InfoPlist.strings in Resources */,
			);
			runOnlyForDeploymentPostprocessing = 0;
		};
		0AB457CF18D4CCCC00C47B8C /* Resources */ = {
			isa = PBXResourcesBuildPhase;
			buildActionMask = 2147483647;
			files = (
				0AB457DD18D4CCCC00C47B8C /* InfoPlist.strings in Resources */,
			);
			runOnlyForDeploymentPostprocessing = 0;
		};
/* End PBXResourcesBuildPhase section */

/* Begin PBXSourcesBuildPhase section */
		0AB457A618D4CCCC00C47B8C /* Sources */ = {
			isa = PBXSourcesBuildPhase;
			buildActionMask = 2147483647;
			files = (
				0A206C6E18DFF8CB002ABA88 /* PVNotesDatabase.m in Sources */,
				0AB4581418D8058100C47B8C /* VOArrayChangeDescription.m in Sources */,
				D513F26118E6A09800306EB0 /* VOBlockListener.m in Sources */,
				0AB4580318D6C23D00C47B8C /* NSArray+PVUtilities.m in Sources */,
				0AB457ED18D4CEF300C47B8C /* PVNote.m in Sources */,
				D560D2D618E625A500B7915E /* VOArrayFilterer.m in Sources */,
				0A206C5718DE40E3002ABA88 /* VOMutableChangeDescribingArray.m in Sources */,
				0AB4581818D80D9100C47B8C /* VOChangeDescribingArray.m in Sources */,
				D5066DA118E3E3A600DD0F0B /* VOValueObject.m in Sources */,
				0A206C5B18DF2B20002ABA88 /* VOArrayMapTransformer.m in Sources */,
				D513F25D18E69D1000306EB0 /* PVSectionedDataSourceTransformer.m in Sources */,
				D513F25818E68AFE00306EB0 /* NSIndexSet+PVUtilities.m in Sources */,
				0AB4580718D7FB6B00C47B8C /* PVMasterViewCellConfiguration.m in Sources */,
				0AB457BE18D4CCCC00C47B8C /* PVAppDelegate.m in Sources */,
				0AB4582118DCFBEB00C47B8C /* VOListenersCollection.m in Sources */,
				0AB457BA18D4CCCC00C47B8C /* main.m in Sources */,
				0AB457FE18D64DBA00C47B8C /* BDLongestCommonSubsequence.m in Sources */,
				0AB4582518DD06E000C47B8C /* PVSectionedDataSource.m in Sources */,
				0AB457C718D4CCCC00C47B8C /* PVMasterViewController.m in Sources */,
				D560D2E818E63D4D00B7915E /* VOPipeline.m in Sources */,
				D5A8820518E0A1C0007E32A9 /* PVAsyncListening.m in Sources */,
				D560D2DE18E62AD900B7915E /* VOBlockTransformer.m in Sources */,
				0AB457CA18D4CCCC00C47B8C /* PVDetailViewController.m in Sources */,
			);
			runOnlyForDeploymentPostprocessing = 0;
		};
		0AB457CD18D4CCCC00C47B8C /* Sources */ = {
			isa = PBXSourcesBuildPhase;
			buildActionMask = 2147483647;
			files = (
				0A206C6F18DFF8CB002ABA88 /* PVNotesDatabase.m in Sources */,
				0AB4581918D80D9100C47B8C /* VOChangeDescribingArray.m in Sources */,
				D513F26218E6A09800306EB0 /* VOBlockListener.m in Sources */,
				D552ECEF18E46ABE002E5F23 /* VOMutableChangeDescribingArrayTests.m in Sources */,
				0AB4580818D7FB6B00C47B8C /* PVMasterViewCellConfiguration.m in Sources */,
				D560D2EB18E644C500B7915E /* VOPipelineTests.m in Sources */,
				D513F25A18E68C9400306EB0 /* PVSectionedDataSourceTests.m in Sources */,
				D560D2D718E625A500B7915E /* VOArrayFilterer.m in Sources */,
				D5066DA218E3E3A600DD0F0B /* VOValueObject.m in Sources */,
				D560D2E118E62BCB00B7915E /* VOArrayFiltererTests.m in Sources */,
				D513F25E18E69D1000306EB0 /* PVSectionedDataSourceTransformer.m in Sources */,
				D5A8820618E0A1C0007E32A9 /* PVAsyncListening.m in Sources */,
				D560D2D318E5462500B7915E /* VOArrayMapTransformTests.m in Sources */,
				0A206C5C18DF2B20002ABA88 /* VOArrayMapTransformer.m in Sources */,
				D560D2E918E63D4D00B7915E /* VOPipeline.m in Sources */,
				0AB4580418D6C23D00C47B8C /* NSArray+PVUtilities.m in Sources */,
				0AB4582218DCFBEB00C47B8C /* VOListenersCollection.m in Sources */,
				0AB4581518D8058100C47B8C /* VOArrayChangeDescription.m in Sources */,
				0AB457FF18D64DBA00C47B8C /* BDLongestCommonSubsequence.m in Sources */,
				D5A8820818E0A734007E32A9 /* PVAsyncListeningTests.m in Sources */,
				D560D2DF18E62AD900B7915E /* VOBlockTransformer.m in Sources */,
				0AB457EE18D4CEF300C47B8C /* PVNote.m in Sources */,
				0AB4582618DD06E000C47B8C /* PVSectionedDataSource.m in Sources */,
			);
			runOnlyForDeploymentPostprocessing = 0;
		};
/* End PBXSourcesBuildPhase section */

/* Begin PBXTargetDependency section */
		0AB457D718D4CCCC00C47B8C /* PBXTargetDependency */ = {
			isa = PBXTargetDependency;
			target = 0AB457A918D4CCCC00C47B8C /* PocketVelocity */;
			targetProxy = 0AB457D618D4CCCC00C47B8C /* PBXContainerItemProxy */;
		};
/* End PBXTargetDependency section */

/* Begin PBXVariantGroup section */
		0AB457B618D4CCCC00C47B8C /* InfoPlist.strings */ = {
			isa = PBXVariantGroup;
			children = (
				0AB457B718D4CCCC00C47B8C /* en */,
			);
			name = InfoPlist.strings;
			sourceTree = "<group>";
		};
		0AB457BF18D4CCCC00C47B8C /* Main_iPhone.storyboard */ = {
			isa = PBXVariantGroup;
			children = (
				0AB457C018D4CCCC00C47B8C /* Base */,
			);
			name = Main_iPhone.storyboard;
			sourceTree = "<group>";
		};
		0AB457C218D4CCCC00C47B8C /* Main_iPad.storyboard */ = {
			isa = PBXVariantGroup;
			children = (
				0AB457C318D4CCCC00C47B8C /* Base */,
			);
			name = Main_iPad.storyboard;
			sourceTree = "<group>";
		};
		0AB457DB18D4CCCC00C47B8C /* InfoPlist.strings */ = {
			isa = PBXVariantGroup;
			children = (
				0AB457DC18D4CCCC00C47B8C /* en */,
			);
			name = InfoPlist.strings;
			sourceTree = "<group>";
		};
/* End PBXVariantGroup section */

/* Begin XCBuildConfiguration section */
		0AB457E018D4CCCC00C47B8C /* Debug */ = {
			isa = XCBuildConfiguration;
			buildSettings = {
				ALWAYS_SEARCH_USER_PATHS = NO;
				ARCHS = "$(ARCHS_STANDARD_INCLUDING_64_BIT)";
				CLANG_CXX_LANGUAGE_STANDARD = "gnu++0x";
				CLANG_CXX_LIBRARY = "libc++";
				CLANG_ENABLE_MODULES = YES;
				CLANG_ENABLE_OBJC_ARC = YES;
				CLANG_WARN_BOOL_CONVERSION = YES;
				CLANG_WARN_CONSTANT_CONVERSION = YES;
				CLANG_WARN_DIRECT_OBJC_ISA_USAGE = YES_ERROR;
				CLANG_WARN_EMPTY_BODY = YES;
				CLANG_WARN_ENUM_CONVERSION = YES;
				CLANG_WARN_INT_CONVERSION = YES;
				CLANG_WARN_OBJC_ROOT_CLASS = YES_ERROR;
				CLANG_WARN__DUPLICATE_METHOD_MATCH = YES;
				"CODE_SIGN_IDENTITY[sdk=iphoneos*]" = "iPhone Developer";
				COPY_PHASE_STRIP = NO;
				GCC_C_LANGUAGE_STANDARD = gnu99;
				GCC_DYNAMIC_NO_PIC = NO;
				GCC_OPTIMIZATION_LEVEL = 0;
				GCC_PREPROCESSOR_DEFINITIONS = (
					"DEBUG=1",
					"$(inherited)",
				);
				GCC_SYMBOLS_PRIVATE_EXTERN = NO;
				GCC_WARN_64_TO_32_BIT_CONVERSION = YES;
				GCC_WARN_ABOUT_RETURN_TYPE = YES_ERROR;
				GCC_WARN_UNDECLARED_SELECTOR = YES;
				GCC_WARN_UNINITIALIZED_AUTOS = YES;
				GCC_WARN_UNUSED_FUNCTION = YES;
				GCC_WARN_UNUSED_VARIABLE = YES;
				IPHONEOS_DEPLOYMENT_TARGET = 7.0;
				ONLY_ACTIVE_ARCH = YES;
				SDKROOT = iphoneos;
				TARGETED_DEVICE_FAMILY = "1,2";
			};
			name = Debug;
		};
		0AB457E118D4CCCC00C47B8C /* Release */ = {
			isa = XCBuildConfiguration;
			buildSettings = {
				ALWAYS_SEARCH_USER_PATHS = NO;
				ARCHS = "$(ARCHS_STANDARD_INCLUDING_64_BIT)";
				CLANG_CXX_LANGUAGE_STANDARD = "gnu++0x";
				CLANG_CXX_LIBRARY = "libc++";
				CLANG_ENABLE_MODULES = YES;
				CLANG_ENABLE_OBJC_ARC = YES;
				CLANG_WARN_BOOL_CONVERSION = YES;
				CLANG_WARN_CONSTANT_CONVERSION = YES;
				CLANG_WARN_DIRECT_OBJC_ISA_USAGE = YES_ERROR;
				CLANG_WARN_EMPTY_BODY = YES;
				CLANG_WARN_ENUM_CONVERSION = YES;
				CLANG_WARN_INT_CONVERSION = YES;
				CLANG_WARN_OBJC_ROOT_CLASS = YES_ERROR;
				CLANG_WARN__DUPLICATE_METHOD_MATCH = YES;
				"CODE_SIGN_IDENTITY[sdk=iphoneos*]" = "iPhone Developer";
				COPY_PHASE_STRIP = YES;
				ENABLE_NS_ASSERTIONS = NO;
				GCC_C_LANGUAGE_STANDARD = gnu99;
				GCC_WARN_64_TO_32_BIT_CONVERSION = YES;
				GCC_WARN_ABOUT_RETURN_TYPE = YES_ERROR;
				GCC_WARN_UNDECLARED_SELECTOR = YES;
				GCC_WARN_UNINITIALIZED_AUTOS = YES;
				GCC_WARN_UNUSED_FUNCTION = YES;
				GCC_WARN_UNUSED_VARIABLE = YES;
				IPHONEOS_DEPLOYMENT_TARGET = 7.0;
				SDKROOT = iphoneos;
				TARGETED_DEVICE_FAMILY = "1,2";
				VALIDATE_PRODUCT = YES;
			};
			name = Release;
		};
		0AB457E318D4CCCC00C47B8C /* Debug */ = {
			isa = XCBuildConfiguration;
			buildSettings = {
				ASSETCATALOG_COMPILER_APPICON_NAME = AppIcon;
				ASSETCATALOG_COMPILER_LAUNCHIMAGE_NAME = LaunchImage;
				FRAMEWORK_SEARCH_PATHS = (
					"$(inherited)",
					"$(DEVELOPER_FRAMEWORKS_DIR)",
				);
				GCC_PRECOMPILE_PREFIX_HEADER = YES;
				GCC_PREFIX_HEADER = "PocketVelocity/PocketVelocity-Prefix.pch";
				INFOPLIST_FILE = "PocketVelocity/PocketVelocity-Info.plist";
				PRODUCT_NAME = "$(TARGET_NAME)";
				WRAPPER_EXTENSION = app;
			};
			name = Debug;
		};
		0AB457E418D4CCCC00C47B8C /* Release */ = {
			isa = XCBuildConfiguration;
			buildSettings = {
				ASSETCATALOG_COMPILER_APPICON_NAME = AppIcon;
				ASSETCATALOG_COMPILER_LAUNCHIMAGE_NAME = LaunchImage;
				FRAMEWORK_SEARCH_PATHS = (
					"$(inherited)",
					"$(DEVELOPER_FRAMEWORKS_DIR)",
				);
				GCC_PRECOMPILE_PREFIX_HEADER = YES;
				GCC_PREFIX_HEADER = "PocketVelocity/PocketVelocity-Prefix.pch";
				INFOPLIST_FILE = "PocketVelocity/PocketVelocity-Info.plist";
				PRODUCT_NAME = "$(TARGET_NAME)";
				WRAPPER_EXTENSION = app;
			};
			name = Release;
		};
		0AB457E618D4CCCC00C47B8C /* Debug */ = {
			isa = XCBuildConfiguration;
			buildSettings = {
				ARCHS = "$(ARCHS_STANDARD_INCLUDING_64_BIT)";
				BUNDLE_LOADER = "$(BUILT_PRODUCTS_DIR)/PocketVelocity.app/PocketVelocity";
				FRAMEWORK_SEARCH_PATHS = (
					"$(SDKROOT)/Developer/Library/Frameworks",
					"$(inherited)",
					"$(DEVELOPER_FRAMEWORKS_DIR)",
				);
				GCC_PRECOMPILE_PREFIX_HEADER = YES;
				GCC_PREFIX_HEADER = "PocketVelocity/PocketVelocity-Prefix.pch";
				GCC_PREPROCESSOR_DEFINITIONS = (
					"DEBUG=1",
					"$(inherited)",
				);
				INFOPLIST_FILE = "PocketVelocityTests/PocketVelocityTests-Info.plist";
				PRODUCT_NAME = "$(TARGET_NAME)";
				TEST_HOST = "$(BUNDLE_LOADER)";
				WRAPPER_EXTENSION = xctest;
			};
			name = Debug;
		};
		0AB457E718D4CCCC00C47B8C /* Release */ = {
			isa = XCBuildConfiguration;
			buildSettings = {
				ARCHS = "$(ARCHS_STANDARD_INCLUDING_64_BIT)";
				BUNDLE_LOADER = "$(BUILT_PRODUCTS_DIR)/PocketVelocity.app/PocketVelocity";
				FRAMEWORK_SEARCH_PATHS = (
					"$(SDKROOT)/Developer/Library/Frameworks",
					"$(inherited)",
					"$(DEVELOPER_FRAMEWORKS_DIR)",
				);
				GCC_PRECOMPILE_PREFIX_HEADER = YES;
				GCC_PREFIX_HEADER = "PocketVelocity/PocketVelocity-Prefix.pch";
				INFOPLIST_FILE = "PocketVelocityTests/PocketVelocityTests-Info.plist";
				PRODUCT_NAME = "$(TARGET_NAME)";
				TEST_HOST = "$(BUNDLE_LOADER)";
				WRAPPER_EXTENSION = xctest;
			};
			name = Release;
		};
/* End XCBuildConfiguration section */

/* Begin XCConfigurationList section */
		0AB457A518D4CCCC00C47B8C /* Build configuration list for PBXProject "PocketVelocity" */ = {
			isa = XCConfigurationList;
			buildConfigurations = (
				0AB457E018D4CCCC00C47B8C /* Debug */,
				0AB457E118D4CCCC00C47B8C /* Release */,
			);
			defaultConfigurationIsVisible = 0;
			defaultConfigurationName = Release;
		};
		0AB457E218D4CCCC00C47B8C /* Build configuration list for PBXNativeTarget "PocketVelocity" */ = {
			isa = XCConfigurationList;
			buildConfigurations = (
				0AB457E318D4CCCC00C47B8C /* Debug */,
				0AB457E418D4CCCC00C47B8C /* Release */,
			);
			defaultConfigurationIsVisible = 0;
			defaultConfigurationName = Release;
		};
		0AB457E518D4CCCC00C47B8C /* Build configuration list for PBXNativeTarget "PocketVelocityTests" */ = {
			isa = XCConfigurationList;
			buildConfigurations = (
				0AB457E618D4CCCC00C47B8C /* Debug */,
				0AB457E718D4CCCC00C47B8C /* Release */,
			);
			defaultConfigurationIsVisible = 0;
			defaultConfigurationName = Release;
		};
/* End XCConfigurationList section */
	};
	rootObject = 0AB457A218D4CCCC00C47B8C /* Project object */;
}
